
Microsoft Visual Studio Solution File, Format Version 12.00
Project("{FAE04EC0-301F-11D3-BF4B-00C04F79EFBC}") = "03", "03\03.csproj", "{3127A870-6654-4C0D-87D9-17F2763449FF}"
EndProject
Project("{FAE04EC0-301F-11D3-BF4B-00C04F79EFBC}") = "04", "04\04.csproj", "{9B583C9E-67BC-4D63-9417-F562976E2496}"
EndProject
Global
	GlobalSection(SolutionConfigurationPlatforms) = preSolution
		Debug|Any CPU = Debug|Any CPU
		Release|Any CPU = Release|Any CPU
	EndGlobalSection
	GlobalSection(ProjectConfigurationPlatforms) = postSolution
		{3127A870-6654-4C0D-87D9-17F2763449FF}.Debug|Any CPU.ActiveCfg = Debug|Any CPU
		{3127A870-6654-4C0D-87D9-17F2763449FF}.Debug|Any CPU.Build.0 = Debug|Any CPU
		{3127A870-6654-4C0D-87D9-17F2763449FF}.Release|Any CPU.ActiveCfg = Release|Any CPU
		{3127A870-6654-4C0D-87D9-17F2763449FF}.Release|Any CPU.Build.0 = Release|Any CPU
		{9B583C9E-67BC-4D63-9417-F562976E2496}.Debug|Any CPU.ActiveCfg = Debug|Any CPU
		{9B583C9E-67BC-4D63-9417-F562976E2496}.Debug|Any CPU.Build.0 = Debug|Any CPU
		{9B583C9E-67BC-4D63-9417-F562976E2496}.Release|Any CPU.ActiveCfg = Release|Any CPU
		{9B583C9E-67BC-4D63-9417-F562976E2496}.Release|Any CPU.Build.0 = Release|Any CPU
	EndGlobalSection
EndGlobal
